<?xml version="1.0" encoding="utf-8"?>
<Project ToolsVersion="4.0" xmlns="http://schemas.microsoft.com/developer/msbuild/2003">
  <ItemGroup>
    <Filter Include="Header Files">
      <UniqueIdentifier>{93995380-89BD-4b04-88EB-625FBE52EBFB}</UniqueIdentifier>
      <Extensions>h;hh;hpp;hxx;h++;hm;inl;inc;ipp;xsd</Extensions>
    </Filter>
    <Filter Include="Source">
      <UniqueIdentifier>{4FC737F1-C7A5-4376-A066-2A32D752A2FF}</UniqueIdentifier>
      <Extensions>cpp;c;cc;cxx;c++;cppm;ixx;def;odl;idl;hpj;bat;asm;asmx</Extensions>
    </Filter>
    <Filter Include="Source\Feature">
      <UniqueIdentifier>{0f5f10c0-1043-4968-98f2-73c6d8ef4c02}</UniqueIdentifier>
    </Filter>
    <Filter Include="Source\AntiCheat">
      <UniqueIdentifier>{7f2b1e7c-73e2-49d5-93a1-07283f8b8d21}</UniqueIdentifier>
    </Filter>
    <Filter Include="Source\Discord">
      <UniqueIdentifier>{b311ab72-b2eb-4567-b54e-c5800e9eb19a}</UniqueIdentifier>
    </Filter>
    <Filter Include="Source\Discord\header">
      <UniqueIdentifier>{d8993ba8-1d76-43f8-86ba-a17cddd6f26b}</UniqueIdentifier>
    </Filter>
  </ItemGroup>
  <ItemGroup>
    <ClInclude Include="pch.h">
      <Filter>Header Files</Filter>
    </ClInclude>
    <ClInclude Include="obfuscate.h">
      <Filter>Header Files</Filter>
    </ClInclude>
    <ClInclude Include="ini.h">
      <Filter>Header Files</Filter>
    </ClInclude>
    <ClInclude Include="discord\include\discord_register.h">
      <Filter>Source\Discord\header</Filter>
    </ClInclude>
    <ClInclude Include="discord\include\discord_rpc.h">
      <Filter>Source\Discord\header</Filter>
    </ClInclude>
    <ClInclude Include="discord\include\rapidjson\allocators.h">
      <Filter>Source\Discord\header</Filter>
    </ClInclude>
    <ClInclude Include="discord\include\rapidjson\document.h">
      <Filter>Source\Discord\header</Filter>
    </ClInclude>
    <ClInclude Include="discord\include\rapidjson\encodedstream.h">
      <Filter>Source\Discord\header</Filter>
    </ClInclude>
    <ClInclude Include="discord\include\rapidjson\encodings.h">
      <Filter>Source\Discord\header</Filter>
    </ClInclude>
    <ClInclude Include="discord\include\rapidjson\filereadstream.h">
      <Filter>Source\Discord\header</Filter>
    </ClInclude>
    <ClInclude Include="discord\include\rapidjson\filewritestream.h">
      <Filter>Source\Discord\header</Filter>
    </ClInclude>
    <ClInclude Include="discord\include\rapidjson\fwd.h">
      <Filter>Source\Discord\header</Filter>
    </ClInclude>
    <ClInclude Include="discord\include\rapidjson\istreamwrapper.h">
      <Filter>Source\Discord\header</Filter>
    </ClInclude>
    <ClInclude Include="discord\include\rapidjson\memorybuffer.h">
      <Filter>Source\Discord\header</Filter>
    </ClInclude>
    <ClInclude Include="discord\include\rapidjson\memorystream.h">
      <Filter>Source\Discord\header</Filter>
    </ClInclude>
    <ClInclude Include="discord\include\rapidjson\ostreamwrapper.h">
      <Filter>Source\Discord\header</Filter>
    </ClInclude>
    <ClInclude Include="discord\include\rapidjson\pointer.h">
      <Filter>Source\Discord\header</Filter>
    </ClInclude>
    <ClInclude Include="discord\include\rapidjson\prettywriter.h">
      <Filter>Source\Discord\header</Filter>
    </ClInclude>
    <ClInclude Include="discord\include\rapidjson\rapidjson.h">
      <Filter>Source\Discord\header</Filter>
    </ClInclude>
    <ClInclude Include="discord\include\rapidjson\reader.h">
      <Filter>Source\Discord\header</Filter>
    </ClInclude>
    <ClInclude Include="discord\include\rapidjson\schema.h">
      <Filter>Source\Discord\header</Filter>
    </ClInclude>
    <ClInclude Include="discord\include\rapidjson\stream.h">
      <Filter>Source\Discord\header</Filter>
    </ClInclude>
    <ClInclude Include="discord\include\rapidjson\stringbuffer.h">
      <Filter>Source\Discord\header</Filter>
    </ClInclude>
    <ClInclude Include="discord\include\rapidjson\writer.h">
      <Filter>Source\Discord\header</Filter>
    </ClInclude>
    <ClInclude Include="discord\include\rapidjson\error\en.h">
      <Filter>Source\Discord\header</Filter>
    </ClInclude>
    <ClInclude Include="discord\include\rapidjson\error\error.h">
      <Filter>Source\Discord\header</Filter>
    </ClInclude>
    <ClInclude Include="discord\include\rapidjson\internal\biginteger.h">
      <Filter>Source\Discord\header</Filter>
    </ClInclude>
    <ClInclude Include="discord\include\rapidjson\internal\diyfp.h">
      <Filter>Source\Discord\header</Filter>
    </ClInclude>
    <ClInclude Include="discord\include\rapidjson\internal\dtoa.h">
      <Filter>Source\Discord\header</Filter>
    </ClInclude>
    <ClInclude Include="discord\include\rapidjson\internal\ieee754.h">
      <Filter>Source\Discord\header</Filter>
    </ClInclude>
    <ClInclude Include="discord\include\rapidjson\internal\itoa.h">
      <Filter>Source\Discord\header</Filter>
    </ClInclude>
    <ClInclude Include="discord\include\rapidjson\internal\meta.h">
      <Filter>Source\Discord\header</Filter>
    </ClInclude>
    <ClInclude Include="discord\include\rapidjson\internal\pow10.h">
      <Filter>Source\Discord\header</Filter>
    </ClInclude>
    <ClInclude Include="discord\include\rapidjson\internal\regex.h">
      <Filter>Source\Discord\header</Filter>
    </ClInclude>
    <ClInclude Include="discord\include\rapidjson\internal\stack.h">
      <Filter>Source\Discord\header</Filter>
    </ClInclude>
    <ClInclude Include="discord\include\rapidjson\internal\strfunc.h">
      <Filter>Source\Discord\header</Filter>
    </ClInclude>
    <ClInclude Include="discord\include\rapidjson\internal\strtod.h">
      <Filter>Source\Discord\header</Filter>
    </ClInclude>
    <ClInclude Include="discord\include\rapidjson\internal\swap.h">
      <Filter>Source\Discord\header</Filter>
    </ClInclude>
    <ClInclude Include="discord\include\rapidjson\msinttypes\inttypes.h">
      <Filter>Source\Discord\header</Filter>
    </ClInclude>
    <ClInclude Include="discord\include\rapidjson\msinttypes\stdint.h">
      <Filter>Source\Discord\header</Filter>
    </ClInclude>
    <ClInclude Include="discord\src\backoff.h">
      <Filter>Source\Discord\header</Filter>
    </ClInclude>
    <ClInclude Include="discord\src\connection.h">
      <Filter>Source\Discord\header</Filter>
    </ClInclude>
    <ClInclude Include="discord\src\msg_queue.h">
      <Filter>Source\Discord\header</Filter>
    </ClInclude>
    <ClInclude Include="discord\src\rpc_connection.h">
      <Filter>Source\Discord\header</Filter>
    </ClInclude>
    <ClInclude Include="discord\src\serialization.h">
      <Filter>Source\Discord\header</Filter>
    </ClInclude>
  </ItemGroup>
  <ItemGroup>
    <ClCompile Include="pch.cpp">
      <Filter>Source</Filter>
    </ClCompile>
    <ClCompile Include="Main.cpp">
      <Filter>Source</Filter>
    </ClCompile>
    <ClCompile Include="3rdbar.cpp">
      <Filter>Source\Feature</Filter>
    </ClCompile>
    <ClCompile Include="eff.cpp">
      <Filter>Source\Feature</Filter>
    </ClCompile>
    <ClCompile Include="option.cpp">
      <Filter>Source\Feature</Filter>
    </ClCompile>
    <ClCompile Include="fps.cpp">
      <Filter>Source\Feature</Filter>
    </ClCompile>
    <ClCompile Include="Server.cpp">
      <Filter>Source</Filter>
    </ClCompile>
    <ClCompile Include="elemental.cpp">
      <Filter>Source\Feature</Filter>
    </ClCompile>
    <ClCompile Include="AC.cpp">
      <Filter>Source\AntiCheat</Filter>
    </ClCompile>
    <ClCompile Include="Class.cpp">
      <Filter>Source\AntiCheat</Filter>
    </ClCompile>
    <ClCompile Include="Close.cpp">
      <Filter>Source\AntiCheat</Filter>
    </ClCompile>
    <ClCompile Include="Memory.cpp">
      <Filter>Source\AntiCheat</Filter>
    </ClCompile>
    <ClCompile Include="statpoints.cpp">
      <Filter>Source\Feature</Filter>
    </ClCompile>
    <ClCompile Include="skillwindlock.cpp">
      <Filter>Source\Feature</Filter>
    </ClCompile>
    <ClCompile Include="mini_icon.cpp">
      <Filter>Source\Feature</Filter>
    </ClCompile>
    <ClCompile Include="Mem.cpp">
      <Filter>Source\AntiCheat</Filter>
    </ClCompile>
    <ClCompile Include="discord\src\connection_win.cpp">
      <Filter>Source\Discord</Filter>
    </ClCompile>
    <ClCompile Include="discord\src\dcmain.cpp">
      <Filter>Source\Discord</Filter>
    </ClCompile>
    <ClCompile Include="discord\src\discord_register_win.cpp">
      <Filter>Source\Discord</Filter>
    </ClCompile>
    <ClCompile Include="discord\src\discord_rpc.cpp">
      <Filter>Source\Discord</Filter>
    </ClCompile>
    <ClCompile Include="discord\src\rpc_connection.cpp">
      <Filter>Source\Discord</Filter>
    </ClCompile>
    <ClCompile Include="discord\src\serialization.cpp">
      <Filter>Source\Discord</Filter>
    </ClCompile>
    <ClCompile Include="Discord.cpp">
      <Filter>Source\Feature</Filter>
    </ClCompile>
    <ClCompile Include="title.cpp">
      <Filter>Source\Feature</Filter>
    </ClCompile>
    <ClCompile Include="Camlimit.cpp">
      <Filter>Source\Feature</Filter>
    </ClCompile>
    <ClCompile Include="inventory.cpp">
      <Filter>Source\Feature</Filter>
    </ClCompile>
    <ClCompile Include="GameColor.cpp">
      <Filter>Source\Feature</Filter>
    </ClCompile>
    <ClCompile Include="Protect.cpp">
      <Filter>Source\Feature</Filter>
    </ClCompile>
    <ClCompile Include="Buff.cpp">
      <Filter>Source\Feature</Filter>
    </ClCompile>
  </ItemGroup>
  <ItemGroup>
    <ResourceCompile Include="VersionInfo.RC" />
  </ItemGroup>
</Project>